{
  "name": "meme generator.ai",
  "lockfileVersion": 3,
  "requires": true,
  "packages": {
    "": {
      "dependencies": {
        "@openrouter/sdk": "^0.12.35"
      }
    },
    "node_modules/@openrouter/sdk": {
      "version": "0.12.35",
      "resolved": "https://registry.npmjs.org/@openrouter/sdk/-/sdk-0.12.35.tgz",
      "integrity": "sha512-s4QVLLnG1AmfW3TjnnHUqGfsCkzwVK+kboGcZmKbde09m1DPqgzl4RUFt/HJ5v97MX8aEaN0UG3mKv2S+qj2Gw==",
      "hasInstallScript": true,
      "license": "Apache-2.0",
      "dependencies": {
        "zod": "^3.25.0 || ^4.0.0"
      }
    },
    "node_modules/zod": {
      "version": "4.4.3",
      "resolved": "https://registry.npmjs.org/zod/-/zod-4.4.3.tgz",
      "integrity": "sha512-ytENFjIJFl2UwYglde2jchW2Hwm4GJFLDiSXWdTrJQBIN9Fcyp7n4DhxJEiWNAJMV1/BqWfW/kkg71UDcHJyTQ==",
      "license": "MIT",
      "funding": {
        "url": "https://github.com/sponsors/colinhacks"
      }
    }
  }
}
